
Microsoft Visual Studio Solution File, Format Version 12.00
# Visual Studio Version 17
VisualStudioVersion = 17.6.33815.320
MinimumVisualStudioVersion = 10.0.40219.1
Project("{8BC9CEB8-8B4A-11D0-8D11-00A0C91BC942}") = "equacaoSegundoGrau_simple", "equacaoSegundoGrau_simple\equacaoSegundoGrau_simple.vcxproj", "{4889309B-0910-4872-B787-5B65679628A3}"
EndProject
Global
	GlobalSection(SolutionConfigurationPlatforms) = preSolution
		Debug|x64 = Debug|x64
		Debug|x86 = Debug|x86
		Release|x64 = Release|x64
		Release|x86 = Release|x86
	EndGlobalSection
	GlobalSection(ProjectConfigurationPlatforms) = postSolution
		{4889309B-0910-4872-B787-5B65679628A3}.Debug|x64.ActiveCfg = Debug|x64
		{4889309B-0910-4872-B787-5B65679628A3}.Debug|x64.Build.0 = Debug|x64
		{4889309B-0910-4872-B787-5B65679628A3}.Debug|x86.ActiveCfg = Debug|Win32
		{4889309B-0910-4872-B787-5B65679628A3}.Debug|x86.Build.0 = Debug|Win32
		{4889309B-0910-4872-B787-5B65679628A3}.Release|x64.ActiveCfg = Release|x64
		{4889309B-0910-4872-B787-5B65679628A3}.Release|x64.Build.0 = Release|x64
		{4889309B-0910-4872-B787-5B65679628A3}.Release|x86.ActiveCfg = Release|Win32
		{4889309B-0910-4872-B787-5B65679628A3}.Release|x86.Build.0 = Release|Win32
	EndGlobalSection
	GlobalSection(SolutionProperties) = preSolution
		HideSolutionNode = FALSE
	EndGlobalSection
	GlobalSection(ExtensibilityGlobals) = postSolution
		SolutionGuid = {C4B7CEC1-312A-4560-B5A3-A8056D3CA3FB}
	EndGlobalSection
EndGlobal
